{
  "name": "ui5lab-wl-space",
  "version": "0.1.2",
  "lockfileVersion": 1,
  "requires": true,
  "dependencies": {
    "@openui5/sap.f": {
      "version": "1.56.2",
      "resolved": "https://registry.npmjs.org/@openui5/sap.f/-/sap.f-1.56.2.tgz",
      "integrity": "sha512-F7OdLQtru01GVSd72l5Cqoew7+DToBUhNJO3Zn6VCBJ0xwZSx7ooMraNOz2J/6ZHKKAHUVYGCs9wRXSev+UesA==",
      "requires": {
        "@openui5/sap.m": "1.56.2",
        "@openui5/sap.ui.core": "1.56.2"
      }
    },
    "@openui5/sap.m": {
      "version": "1.56.2",
      "resolved": "https://registry.npmjs.org/@openui5/sap.m/-/sap.m-1.56.2.tgz",
      "integrity": "sha512-FWMzKS/BPOCfin7LqzouFR6lIRARKJB3goK/++q34Y7UI8JRuuM9EqanTMqE/JyVN/ILEUfL5G11o1M6rD335Q==",
      "requires": {
        "@openui5/sap.ui.core": "1.56.2",
        "@openui5/sap.ui.unified": "1.56.2"
      }
    },
    "@openui5/sap.ui.core": {
      "version": "1.56.2",
      "resolved": "https://registry.npmjs.org/@openui5/sap.ui.core/-/sap.ui.core-1.56.2.tgz",
      "integrity": "sha512-NklupaWohs+2rTPW+gQz++exXG6OfzCdzNrU2uEHXoSBWZ/1cY4k3dhmVzBAoO7GALZSjFkhauLXDW+gi9O+Ew=="
    },
    "@openui5/sap.ui.layout": {
      "version": "1.56.2",
      "resolved": "https://registry.npmjs.org/@openui5/sap.ui.layout/-/sap.ui.layout-1.56.2.tgz",
      "integrity": "sha512-EKOKTvBSsYihgci1u+4LbOeth+nD1skycpB11KZHovd3MF0GqTBeX8RG4gmjGfnz3UKft85wWRpewc3xECEtRw==",
      "requires": {
        "@openui5/sap.ui.core": "1.56.2"
      }
    },
    "@openui5/sap.ui.unified": {
      "version": "1.56.2",
      "resolved": "https://registry.npmjs.org/@openui5/sap.ui.unified/-/sap.ui.unified-1.56.2.tgz",
      "integrity": "sha512-v+0BzIVk+O3bfCBFqIhsr6fw6pvkbD/WcAIFVZmXA9n2tiQhALLJ8egvGHOnHsDniiMllGa5tyP2tD3xl0dR8g==",
      "requires": {
        "@openui5/sap.ui.core": "1.56.2"
      }
    },
    "@openui5/themelib_sap_belize": {
      "version": "1.56.2",
      "resolved": "https://registry.npmjs.org/@openui5/themelib_sap_belize/-/themelib_sap_belize-1.56.2.tgz",
      "integrity": "sha512-qdKAHn6WkFRS4e0/a6uGWI5lkWLdxkobOI/u7CFrZbSN04rc67BbU2bDMud95Yaf42nrGMhCbsF4NOkftBfcWg=="
    },
    "ui5lab-browser": {
      "version": "0.1.12",
      "resolved": "https://registry.npmjs.org/ui5lab-browser/-/ui5lab-browser-0.1.12.tgz",
      "integrity": "sha1-AulTl+hfT3KPh+pb9KteEgkQVw0=",
      "dev": true
    }
  }
}
